
Microsoft Visual Studio Solution File, Format Version 11.00
# Visual Studio 2010
Project("{8BC9CEB8-8B4A-11D0-8D11-00A0C91BC942}") = "TestSharm", "TestSharm.vcxproj", "{A065DF68-BA51-654E-81FD-E0201234158B}"
	ProjectSection(ProjectDependencies) = postProject
		{1D086627-094A-9F41-A2B7-F439237CEF0F} = {1D086627-094A-9F41-A2B7-F439237CEF0F}
	EndProjectSection
EndProject
Project("{8BC9CEB8-8B4A-11D0-8D11-00A0C91BC942}") = "UnitTest++", "..\external\UnitTest++\UnitTest++.vcxproj", "{1D086627-094A-9F41-A2B7-F439237CEF0F}"
EndProject
Global
	GlobalSection(SolutionConfigurationPlatforms) = preSolution
		Debug|Win32 = Debug|Win32
		Debug|x64 = Debug|x64
		Release|Win32 = Release|Win32
		Release|x64 = Release|x64
	EndGlobalSection
	GlobalSection(ProjectConfigurationPlatforms) = postSolution
		{A065DF68-BA51-654E-81FD-E0201234158B}.Debug|Win32.ActiveCfg = Debug|Win32
		{A065DF68-BA51-654E-81FD-E0201234158B}.Debug|Win32.Build.0 = Debug|Win32
		{A065DF68-BA51-654E-81FD-E0201234158B}.Debug|x64.ActiveCfg = Debug|x64
		{A065DF68-BA51-654E-81FD-E0201234158B}.Debug|x64.Build.0 = Debug|x64
		{A065DF68-BA51-654E-81FD-E0201234158B}.Release|Win32.ActiveCfg = Release|Win32
		{A065DF68-BA51-654E-81FD-E0201234158B}.Release|Win32.Build.0 = Release|Win32
		{A065DF68-BA51-654E-81FD-E0201234158B}.Release|x64.ActiveCfg = Release|x64
		{A065DF68-BA51-654E-81FD-E0201234158B}.Release|x64.Build.0 = Release|x64
		{1D086627-094A-9F41-A2B7-F439237CEF0F}.Debug|Win32.ActiveCfg = Debug|Win32
		{1D086627-094A-9F41-A2B7-F439237CEF0F}.Debug|Win32.Build.0 = Debug|Win32
		{1D086627-094A-9F41-A2B7-F439237CEF0F}.Debug|x64.ActiveCfg = Debug|x64
		{1D086627-094A-9F41-A2B7-F439237CEF0F}.Debug|x64.Build.0 = Debug|x64
		{1D086627-094A-9F41-A2B7-F439237CEF0F}.Release|Win32.ActiveCfg = Release|Win32
		{1D086627-094A-9F41-A2B7-F439237CEF0F}.Release|Win32.Build.0 = Release|Win32
		{1D086627-094A-9F41-A2B7-F439237CEF0F}.Release|x64.ActiveCfg = Release|x64
		{1D086627-094A-9F41-A2B7-F439237CEF0F}.Release|x64.Build.0 = Release|x64
	EndGlobalSection
	GlobalSection(SolutionProperties) = preSolution
		HideSolutionNode = FALSE
	EndGlobalSection
EndGlobal
